
Microsoft Visual Studio Solution File, Format Version 12.00
# Visual Studio Version 17
VisualStudioVersion = 17.7.34221.43
MinimumVisualStudioVersion = 10.0.40219.1
Project("{FAE04EC0-301F-11D3-BF4B-00C04F79EFBC}") = "test", "test\test.csproj", "{CCC781AA-21CC-47A0-B82D-D07C075678FA}"
EndProject
Global
	GlobalSection(SolutionConfigurationPlatforms) = preSolution
		Debug|Any CPU = Debug|Any CPU
		Release|Any CPU = Release|Any CPU
	EndGlobalSection
	GlobalSection(ProjectConfigurationPlatforms) = postSolution
		{CCC781AA-21CC-47A0-B82D-D07C075678FA}.Debug|Any CPU.ActiveCfg = Debug|Any CPU
		{CCC781AA-21CC-47A0-B82D-D07C075678FA}.Debug|Any CPU.Build.0 = Debug|Any CPU
		{CCC781AA-21CC-47A0-B82D-D07C075678FA}.Release|Any CPU.ActiveCfg = Release|Any CPU
		{CCC781AA-21CC-47A0-B82D-D07C075678FA}.Release|Any CPU.Build.0 = Release|Any CPU
	EndGlobalSection
	GlobalSection(SolutionProperties) = preSolution
		HideSolutionNode = FALSE
	EndGlobalSection
	GlobalSection(ExtensibilityGlobals) = postSolution
		SolutionGuid = {52A58D80-1350-4973-842C-C22611D9A3C1}
	EndGlobalSection
EndGlobal
